
Microsoft Visual Studio Solution File, Format Version 12.00
# Visual Studio Version 17
VisualStudioVersion = 17.6.33723.286
MinimumVisualStudioVersion = 10.0.40219.1
Project("{FAE04EC0-301F-11D3-BF4B-00C04F79EFBC}") = "Vonk.Plugins.PreferredIdPlugin", "Vonk.Plugins.PreferredIdPlugin\Vonk.Plugins.PreferredIdPlugin.csproj", "{0943429E-BFD8-4EB9-A25F-7BAE57B6E2EB}"
EndProject
Global
	GlobalSection(SolutionConfigurationPlatforms) = preSolution
		Debug|Any CPU = Debug|Any CPU
		Release|Any CPU = Release|Any CPU
	EndGlobalSection
	GlobalSection(ProjectConfigurationPlatforms) = postSolution
		{0943429E-BFD8-4EB9-A25F-7BAE57B6E2EB}.Debug|Any CPU.ActiveCfg = Debug|Any CPU
		{0943429E-BFD8-4EB9-A25F-7BAE57B6E2EB}.Debug|Any CPU.Build.0 = Debug|Any CPU
		{0943429E-BFD8-4EB9-A25F-7BAE57B6E2EB}.Release|Any CPU.ActiveCfg = Release|Any CPU
		{0943429E-BFD8-4EB9-A25F-7BAE57B6E2EB}.Release|Any CPU.Build.0 = Release|Any CPU
	EndGlobalSection
	GlobalSection(SolutionProperties) = preSolution
		HideSolutionNode = FALSE
	EndGlobalSection
	GlobalSection(ExtensibilityGlobals) = postSolution
		SolutionGuid = {B7365D9A-D005-4BEB-A09D-8283BF1C0241}
	EndGlobalSection
EndGlobal
